
Microsoft Visual Studio Solution File, Format Version 12.00
# Visual Studio Version 17
VisualStudioVersion = 17.6.33829.357
MinimumVisualStudioVersion = 10.0.40219.1
Project("{FAE04EC0-301F-11D3-BF4B-00C04F79EFBC}") = "ArctisVoiceMeeter", "ArctisVoiceMeeter\ArctisVoiceMeeter.csproj", "{1877414E-B131-44E7-8CFD-56AE9C36982D}"
EndProject
Global
	GlobalSection(SolutionConfigurationPlatforms) = preSolution
		Debug|Any CPU = Debug|Any CPU
		Release|Any CPU = Release|Any CPU
	EndGlobalSection
	GlobalSection(ProjectConfigurationPlatforms) = postSolution
		{1877414E-B131-44E7-8CFD-56AE9C36982D}.Debug|Any CPU.ActiveCfg = Debug|Any CPU
		{1877414E-B131-44E7-8CFD-56AE9C36982D}.Debug|Any CPU.Build.0 = Debug|Any CPU
		{1877414E-B131-44E7-8CFD-56AE9C36982D}.Release|Any CPU.ActiveCfg = Release|Any CPU
		{1877414E-B131-44E7-8CFD-56AE9C36982D}.Release|Any CPU.Build.0 = Release|Any CPU
	EndGlobalSection
	GlobalSection(SolutionProperties) = preSolution
		HideSolutionNode = FALSE
	EndGlobalSection
	GlobalSection(ExtensibilityGlobals) = postSolution
		SolutionGuid = {EEE59D22-9881-4CB4-A562-832BA65E65D6}
	EndGlobalSection
EndGlobal
